
Microsoft Visual Studio Solution File, Format Version 12.00
# Visual Studio 15
VisualStudioVersion = 15.0.26124.0
MinimumVisualStudioVersion = 15.0.26124.0
Project("{2150E333-8FDC-42A3-9474-1A3956D46DE8}") = "Core", "Core", "{8C6CA1BD-747B-4F20-8B53-8949C5FD2268}"
EndProject
Project("{FAE04EC0-301F-11D3-BF4B-00C04F79EFBC}") = "Domain", "Core\Domain\Domain.csproj", "{3FD7B22F-4446-4512-98F8-AC03434465BD}"
EndProject
Project("{FAE04EC0-301F-11D3-BF4B-00C04F79EFBC}") = "Application", "Core\Application\Application.csproj", "{4FB476C8-AC54-449C-8178-7E5EADA9528A}"
EndProject
Project("{FAE04EC0-301F-11D3-BF4B-00C04F79EFBC}") = "Application.Services", "Core\Application.Services\Application.Services.csproj", "{ACCCF190-BA83-4A42-B3A7-40D3994EB3EC}"
EndProject
Project("{2150E333-8FDC-42A3-9474-1A3956D46DE8}") = "Impl", "Impl", "{D2DAB715-CC84-41F9-9522-A90E37849547}"
EndProject
Project("{FAE04EC0-301F-11D3-BF4B-00C04F79EFBC}") = "Infrastructure.IoC", "Impl\Infrastructure.IoC\Infrastructure.IoC.csproj", "{0B1C85F6-CA80-434B-AB87-EFA5FEDDA2C8}"
EndProject
Project("{FAE04EC0-301F-11D3-BF4B-00C04F79EFBC}") = "Application.Mappings", "Impl\Application.Mappings\Application.Mappings.csproj", "{14531D80-02A6-4AF9-9DDA-1CEAAC75BEEA}"
EndProject
Project("{FAE04EC0-301F-11D3-BF4B-00C04F79EFBC}") = "Application.WebApi", "Impl\Application.WebApi\Application.WebApi.csproj", "{C010047B-DB14-43FA-8CA0-1F2AEB9E844F}"
EndProject
Project("{FAE04EC0-301F-11D3-BF4B-00C04F79EFBC}") = "Domain.Data", "Impl\Domain.Data\Domain.Data.csproj", "{1FBB08B3-4ED9-49FA-8AB3-143444FBF809}"
EndProject
Project("{FAE04EC0-301F-11D3-BF4B-00C04F79EFBC}") = "Application.Play", "Impl\Application.Play\Application.Play.csproj", "{53BB5FCD-615C-45AC-A9CD-543D6E9E93FF}"
EndProject
Global
	GlobalSection(SolutionConfigurationPlatforms) = preSolution
		Debug|Any CPU = Debug|Any CPU
		Debug|x64 = Debug|x64
		Debug|x86 = Debug|x86
		Release|Any CPU = Release|Any CPU
		Release|x64 = Release|x64
		Release|x86 = Release|x86
	EndGlobalSection
	GlobalSection(SolutionProperties) = preSolution
		HideSolutionNode = FALSE
	EndGlobalSection
	GlobalSection(ProjectConfigurationPlatforms) = postSolution
		{3FD7B22F-4446-4512-98F8-AC03434465BD}.Debug|Any CPU.ActiveCfg = Debug|Any CPU
		{3FD7B22F-4446-4512-98F8-AC03434465BD}.Debug|Any CPU.Build.0 = Debug|Any CPU
		{3FD7B22F-4446-4512-98F8-AC03434465BD}.Debug|x64.ActiveCfg = Debug|x64
		{3FD7B22F-4446-4512-98F8-AC03434465BD}.Debug|x64.Build.0 = Debug|x64
		{3FD7B22F-4446-4512-98F8-AC03434465BD}.Debug|x86.ActiveCfg = Debug|x86
		{3FD7B22F-4446-4512-98F8-AC03434465BD}.Debug|x86.Build.0 = Debug|x86
		{3FD7B22F-4446-4512-98F8-AC03434465BD}.Release|Any CPU.ActiveCfg = Release|Any CPU
		{3FD7B22F-4446-4512-98F8-AC03434465BD}.Release|Any CPU.Build.0 = Release|Any CPU
		{3FD7B22F-4446-4512-98F8-AC03434465BD}.Release|x64.ActiveCfg = Release|x64
		{3FD7B22F-4446-4512-98F8-AC03434465BD}.Release|x64.Build.0 = Release|x64
		{3FD7B22F-4446-4512-98F8-AC03434465BD}.Release|x86.ActiveCfg = Release|x86
		{3FD7B22F-4446-4512-98F8-AC03434465BD}.Release|x86.Build.0 = Release|x86
		{4FB476C8-AC54-449C-8178-7E5EADA9528A}.Debug|Any CPU.ActiveCfg = Debug|Any CPU
		{4FB476C8-AC54-449C-8178-7E5EADA9528A}.Debug|Any CPU.Build.0 = Debug|Any CPU
		{4FB476C8-AC54-449C-8178-7E5EADA9528A}.Debug|x64.ActiveCfg = Debug|x64
		{4FB476C8-AC54-449C-8178-7E5EADA9528A}.Debug|x64.Build.0 = Debug|x64
		{4FB476C8-AC54-449C-8178-7E5EADA9528A}.Debug|x86.ActiveCfg = Debug|x86
		{4FB476C8-AC54-449C-8178-7E5EADA9528A}.Debug|x86.Build.0 = Debug|x86
		{4FB476C8-AC54-449C-8178-7E5EADA9528A}.Release|Any CPU.ActiveCfg = Release|Any CPU
		{4FB476C8-AC54-449C-8178-7E5EADA9528A}.Release|Any CPU.Build.0 = Release|Any CPU
		{4FB476C8-AC54-449C-8178-7E5EADA9528A}.Release|x64.ActiveCfg = Release|x64
		{4FB476C8-AC54-449C-8178-7E5EADA9528A}.Release|x64.Build.0 = Release|x64
		{4FB476C8-AC54-449C-8178-7E5EADA9528A}.Release|x86.ActiveCfg = Release|x86
		{4FB476C8-AC54-449C-8178-7E5EADA9528A}.Release|x86.Build.0 = Release|x86
		{ACCCF190-BA83-4A42-B3A7-40D3994EB3EC}.Debug|Any CPU.ActiveCfg = Debug|Any CPU
		{ACCCF190-BA83-4A42-B3A7-40D3994EB3EC}.Debug|Any CPU.Build.0 = Debug|Any CPU
		{ACCCF190-BA83-4A42-B3A7-40D3994EB3EC}.Debug|x64.ActiveCfg = Debug|x64
		{ACCCF190-BA83-4A42-B3A7-40D3994EB3EC}.Debug|x64.Build.0 = Debug|x64
		{ACCCF190-BA83-4A42-B3A7-40D3994EB3EC}.Debug|x86.ActiveCfg = Debug|x86
		{ACCCF190-BA83-4A42-B3A7-40D3994EB3EC}.Debug|x86.Build.0 = Debug|x86
		{ACCCF190-BA83-4A42-B3A7-40D3994EB3EC}.Release|Any CPU.ActiveCfg = Release|Any CPU
		{ACCCF190-BA83-4A42-B3A7-40D3994EB3EC}.Release|Any CPU.Build.0 = Release|Any CPU
		{ACCCF190-BA83-4A42-B3A7-40D3994EB3EC}.Release|x64.ActiveCfg = Release|x64
		{ACCCF190-BA83-4A42-B3A7-40D3994EB3EC}.Release|x64.Build.0 = Release|x64
		{ACCCF190-BA83-4A42-B3A7-40D3994EB3EC}.Release|x86.ActiveCfg = Release|x86
		{ACCCF190-BA83-4A42-B3A7-40D3994EB3EC}.Release|x86.Build.0 = Release|x86
		{0B1C85F6-CA80-434B-AB87-EFA5FEDDA2C8}.Debug|Any CPU.ActiveCfg = Debug|Any CPU
		{0B1C85F6-CA80-434B-AB87-EFA5FEDDA2C8}.Debug|Any CPU.Build.0 = Debug|Any CPU
		{0B1C85F6-CA80-434B-AB87-EFA5FEDDA2C8}.Debug|x64.ActiveCfg = Debug|x64
		{0B1C85F6-CA80-434B-AB87-EFA5FEDDA2C8}.Debug|x64.Build.0 = Debug|x64
		{0B1C85F6-CA80-434B-AB87-EFA5FEDDA2C8}.Debug|x86.ActiveCfg = Debug|x86
		{0B1C85F6-CA80-434B-AB87-EFA5FEDDA2C8}.Debug|x86.Build.0 = Debug|x86
		{0B1C85F6-CA80-434B-AB87-EFA5FEDDA2C8}.Release|Any CPU.ActiveCfg = Release|Any CPU
		{0B1C85F6-CA80-434B-AB87-EFA5FEDDA2C8}.Release|Any CPU.Build.0 = Release|Any CPU
		{0B1C85F6-CA80-434B-AB87-EFA5FEDDA2C8}.Release|x64.ActiveCfg = Release|x64
		{0B1C85F6-CA80-434B-AB87-EFA5FEDDA2C8}.Release|x64.Build.0 = Release|x64
		{0B1C85F6-CA80-434B-AB87-EFA5FEDDA2C8}.Release|x86.ActiveCfg = Release|x86
		{0B1C85F6-CA80-434B-AB87-EFA5FEDDA2C8}.Release|x86.Build.0 = Release|x86
		{14531D80-02A6-4AF9-9DDA-1CEAAC75BEEA}.Debug|Any CPU.ActiveCfg = Debug|Any CPU
		{14531D80-02A6-4AF9-9DDA-1CEAAC75BEEA}.Debug|Any CPU.Build.0 = Debug|Any CPU
		{14531D80-02A6-4AF9-9DDA-1CEAAC75BEEA}.Debug|x64.ActiveCfg = Debug|x64
		{14531D80-02A6-4AF9-9DDA-1CEAAC75BEEA}.Debug|x64.Build.0 = Debug|x64
		{14531D80-02A6-4AF9-9DDA-1CEAAC75BEEA}.Debug|x86.ActiveCfg = Debug|x86
		{14531D80-02A6-4AF9-9DDA-1CEAAC75BEEA}.Debug|x86.Build.0 = Debug|x86
		{14531D80-02A6-4AF9-9DDA-1CEAAC75BEEA}.Release|Any CPU.ActiveCfg = Release|Any CPU
		{14531D80-02A6-4AF9-9DDA-1CEAAC75BEEA}.Release|Any CPU.Build.0 = Release|Any CPU
		{14531D80-02A6-4AF9-9DDA-1CEAAC75BEEA}.Release|x64.ActiveCfg = Release|x64
		{14531D80-02A6-4AF9-9DDA-1CEAAC75BEEA}.Release|x64.Build.0 = Release|x64
		{14531D80-02A6-4AF9-9DDA-1CEAAC75BEEA}.Release|x86.ActiveCfg = Release|x86
		{14531D80-02A6-4AF9-9DDA-1CEAAC75BEEA}.Release|x86.Build.0 = Release|x86
		{C010047B-DB14-43FA-8CA0-1F2AEB9E844F}.Debug|Any CPU.ActiveCfg = Debug|Any CPU
		{C010047B-DB14-43FA-8CA0-1F2AEB9E844F}.Debug|Any CPU.Build.0 = Debug|Any CPU
		{C010047B-DB14-43FA-8CA0-1F2AEB9E844F}.Debug|x64.ActiveCfg = Debug|x64
		{C010047B-DB14-43FA-8CA0-1F2AEB9E844F}.Debug|x64.Build.0 = Debug|x64
		{C010047B-DB14-43FA-8CA0-1F2AEB9E844F}.Debug|x86.ActiveCfg = Debug|x86
		{C010047B-DB14-43FA-8CA0-1F2AEB9E844F}.Debug|x86.Build.0 = Debug|x86
		{C010047B-DB14-43FA-8CA0-1F2AEB9E844F}.Release|Any CPU.ActiveCfg = Release|Any CPU
		{C010047B-DB14-43FA-8CA0-1F2AEB9E844F}.Release|Any CPU.Build.0 = Release|Any CPU
		{C010047B-DB14-43FA-8CA0-1F2AEB9E844F}.Release|x64.ActiveCfg = Release|x64
		{C010047B-DB14-43FA-8CA0-1F2AEB9E844F}.Release|x64.Build.0 = Release|x64
		{C010047B-DB14-43FA-8CA0-1F2AEB9E844F}.Release|x86.ActiveCfg = Release|x86
		{C010047B-DB14-43FA-8CA0-1F2AEB9E844F}.Release|x86.Build.0 = Release|x86
		{1FBB08B3-4ED9-49FA-8AB3-143444FBF809}.Debug|Any CPU.ActiveCfg = Debug|Any CPU
		{1FBB08B3-4ED9-49FA-8AB3-143444FBF809}.Debug|Any CPU.Build.0 = Debug|Any CPU
		{1FBB08B3-4ED9-49FA-8AB3-143444FBF809}.Debug|x64.ActiveCfg = Debug|x64
		{1FBB08B3-4ED9-49FA-8AB3-143444FBF809}.Debug|x64.Build.0 = Debug|x64
		{1FBB08B3-4ED9-49FA-8AB3-143444FBF809}.Debug|x86.ActiveCfg = Debug|x86
		{1FBB08B3-4ED9-49FA-8AB3-143444FBF809}.Debug|x86.Build.0 = Debug|x86
		{1FBB08B3-4ED9-49FA-8AB3-143444FBF809}.Release|Any CPU.ActiveCfg = Release|Any CPU
		{1FBB08B3-4ED9-49FA-8AB3-143444FBF809}.Release|Any CPU.Build.0 = Release|Any CPU
		{1FBB08B3-4ED9-49FA-8AB3-143444FBF809}.Release|x64.ActiveCfg = Release|x64
		{1FBB08B3-4ED9-49FA-8AB3-143444FBF809}.Release|x64.Build.0 = Release|x64
		{1FBB08B3-4ED9-49FA-8AB3-143444FBF809}.Release|x86.ActiveCfg = Release|x86
		{1FBB08B3-4ED9-49FA-8AB3-143444FBF809}.Release|x86.Build.0 = Release|x86
		{53BB5FCD-615C-45AC-A9CD-543D6E9E93FF}.Debug|Any CPU.ActiveCfg = Debug|Any CPU
		{53BB5FCD-615C-45AC-A9CD-543D6E9E93FF}.Debug|Any CPU.Build.0 = Debug|Any CPU
		{53BB5FCD-615C-45AC-A9CD-543D6E9E93FF}.Debug|x64.ActiveCfg = Debug|x64
		{53BB5FCD-615C-45AC-A9CD-543D6E9E93FF}.Debug|x64.Build.0 = Debug|x64
		{53BB5FCD-615C-45AC-A9CD-543D6E9E93FF}.Debug|x86.ActiveCfg = Debug|x86
		{53BB5FCD-615C-45AC-A9CD-543D6E9E93FF}.Debug|x86.Build.0 = Debug|x86
		{53BB5FCD-615C-45AC-A9CD-543D6E9E93FF}.Release|Any CPU.ActiveCfg = Release|Any CPU
		{53BB5FCD-615C-45AC-A9CD-543D6E9E93FF}.Release|Any CPU.Build.0 = Release|Any CPU
		{53BB5FCD-615C-45AC-A9CD-543D6E9E93FF}.Release|x64.ActiveCfg = Release|x64
		{53BB5FCD-615C-45AC-A9CD-543D6E9E93FF}.Release|x64.Build.0 = Release|x64
		{53BB5FCD-615C-45AC-A9CD-543D6E9E93FF}.Release|x86.ActiveCfg = Release|x86
		{53BB5FCD-615C-45AC-A9CD-543D6E9E93FF}.Release|x86.Build.0 = Release|x86
	EndGlobalSection
	GlobalSection(NestedProjects) = preSolution
		{3FD7B22F-4446-4512-98F8-AC03434465BD} = {8C6CA1BD-747B-4F20-8B53-8949C5FD2268}
		{4FB476C8-AC54-449C-8178-7E5EADA9528A} = {8C6CA1BD-747B-4F20-8B53-8949C5FD2268}
		{ACCCF190-BA83-4A42-B3A7-40D3994EB3EC} = {8C6CA1BD-747B-4F20-8B53-8949C5FD2268}
		{0B1C85F6-CA80-434B-AB87-EFA5FEDDA2C8} = {D2DAB715-CC84-41F9-9522-A90E37849547}
		{14531D80-02A6-4AF9-9DDA-1CEAAC75BEEA} = {D2DAB715-CC84-41F9-9522-A90E37849547}
		{C010047B-DB14-43FA-8CA0-1F2AEB9E844F} = {D2DAB715-CC84-41F9-9522-A90E37849547}
		{1FBB08B3-4ED9-49FA-8AB3-143444FBF809} = {D2DAB715-CC84-41F9-9522-A90E37849547}
		{53BB5FCD-615C-45AC-A9CD-543D6E9E93FF} = {D2DAB715-CC84-41F9-9522-A90E37849547}
	EndGlobalSection
EndGlobal
